
Microsoft Visual Studio Solution File, Format Version 12.00
Project("{FAE04EC0-301F-11D3-BF4B-00C04F79EFBC}") = "PetProject.Host", "PetProject.Host\PetProject.Host.csproj", "{874AF6B1-A0A6-4F50-B82B-B0B1E4E0F3EF}"
EndProject
Global
	GlobalSection(SolutionConfigurationPlatforms) = preSolution
		Debug|Any CPU = Debug|Any CPU
		Release|Any CPU = Release|Any CPU
	EndGlobalSection
	GlobalSection(ProjectConfigurationPlatforms) = postSolution
		{874AF6B1-A0A6-4F50-B82B-B0B1E4E0F3EF}.Debug|Any CPU.ActiveCfg = Debug|Any CPU
		{874AF6B1-A0A6-4F50-B82B-B0B1E4E0F3EF}.Debug|Any CPU.Build.0 = Debug|Any CPU
		{874AF6B1-A0A6-4F50-B82B-B0B1E4E0F3EF}.Release|Any CPU.ActiveCfg = Release|Any CPU
		{874AF6B1-A0A6-4F50-B82B-B0B1E4E0F3EF}.Release|Any CPU.Build.0 = Release|Any CPU
	EndGlobalSection
EndGlobal
